
Microsoft Visual Studio Solution File, Format Version 12.00
# Visual Studio 15
VisualStudioVersion = 15.0.27130.2036
MinimumVisualStudioVersion = 10.0.40219.1
Project("{FAE04EC0-301F-11D3-BF4B-00C04F79EFBC}") = "Mvc Uygulaması Label-Datetime", "Mvc Uygulaması Label-Datetime\Mvc Uygulaması Label-Datetime.csproj", "{95D78F67-15E5-4BD2-B93C-99A1E1262DA3}"
EndProject
Global
	GlobalSection(SolutionConfigurationPlatforms) = preSolution
		Debug|Any CPU = Debug|Any CPU
		Release|Any CPU = Release|Any CPU
	EndGlobalSection
	GlobalSection(ProjectConfigurationPlatforms) = postSolution
		{95D78F67-15E5-4BD2-B93C-99A1E1262DA3}.Debug|Any CPU.ActiveCfg = Debug|Any CPU
		{95D78F67-15E5-4BD2-B93C-99A1E1262DA3}.Debug|Any CPU.Build.0 = Debug|Any CPU
		{95D78F67-15E5-4BD2-B93C-99A1E1262DA3}.Release|Any CPU.ActiveCfg = Release|Any CPU
		{95D78F67-15E5-4BD2-B93C-99A1E1262DA3}.Release|Any CPU.Build.0 = Release|Any CPU
	EndGlobalSection
	GlobalSection(SolutionProperties) = preSolution
		HideSolutionNode = FALSE
	EndGlobalSection
	GlobalSection(ExtensibilityGlobals) = postSolution
		SolutionGuid = {061EC9C9-FE8A-4F97-A41D-9E9BFCB699BE}
	EndGlobalSection
EndGlobal
